
Microsoft Visual Studio Solution File, Format Version 12.00
# Visual Studio 15
VisualStudioVersion = 15.0.27703.2042
MinimumVisualStudioVersion = 10.0.40219.1
Project("{E24C65DC-7377-472B-9ABA-BC803B73C61A}") = "TSA-Software-2018(2)", ".", "{5F55567D-B250-49CE-A272-BE952C954C9F}"
	ProjectSection(WebsiteProperties) = preProject
		TargetFrameworkMoniker = ".NETFramework,Version%3Dv4.0"
		Debug.AspNetCompiler.VirtualPath = "/localhost_57955"
		Debug.AspNetCompiler.PhysicalPath = "..\TSA-Software-2018\"
		Debug.AspNetCompiler.TargetPath = "PrecompiledWeb\localhost_57955\"
		Debug.AspNetCompiler.Updateable = "true"
		Debug.AspNetCompiler.ForceOverwrite = "true"
		Debug.AspNetCompiler.FixedNames = "false"
		Debug.AspNetCompiler.Debug = "True"
		Release.AspNetCompiler.VirtualPath = "/localhost_57955"
		Release.AspNetCompiler.PhysicalPath = "..\TSA-Software-2018\"
		Release.AspNetCompiler.TargetPath = "PrecompiledWeb\localhost_57955\"
		Release.AspNetCompiler.Updateable = "true"
		Release.AspNetCompiler.ForceOverwrite = "true"
		Release.AspNetCompiler.FixedNames = "false"
		Release.AspNetCompiler.Debug = "False"
		VWDPort = "57955"
	EndProjectSection
EndProject
Global
	GlobalSection(SolutionConfigurationPlatforms) = preSolution
		Debug|Any CPU = Debug|Any CPU
	EndGlobalSection
	GlobalSection(ProjectConfigurationPlatforms) = postSolution
		{5F55567D-B250-49CE-A272-BE952C954C9F}.Debug|Any CPU.ActiveCfg = Debug|Any CPU
		{5F55567D-B250-49CE-A272-BE952C954C9F}.Debug|Any CPU.Build.0 = Debug|Any CPU
	EndGlobalSection
	GlobalSection(SolutionProperties) = preSolution
		HideSolutionNode = FALSE
	EndGlobalSection
	GlobalSection(ExtensibilityGlobals) = postSolution
		SolutionGuid = {12735936-C169-4099-9E45-20D2F4C164D1}
	EndGlobalSection
EndGlobal
